
Microsoft Visual Studio Solution File, Format Version 12.00
# Visual Studio Version 17
VisualStudioVersion = 17.1.31911.260
MinimumVisualStudioVersion = 10.0.40219.1
Project("{FAE04EC0-301F-11D3-BF4B-00C04F79EFBC}") = "foreach_vs_parallel", "foreach_vs_parallel\foreach_vs_parallel.csproj", "{AB1F62CC-F7E1-427B-963B-387C6292941F}"
EndProject
Global
	GlobalSection(SolutionConfigurationPlatforms) = preSolution
		Debug|Any CPU = Debug|Any CPU
		Release|Any CPU = Release|Any CPU
	EndGlobalSection
	GlobalSection(ProjectConfigurationPlatforms) = postSolution
		{AB1F62CC-F7E1-427B-963B-387C6292941F}.Debug|Any CPU.ActiveCfg = Debug|Any CPU
		{AB1F62CC-F7E1-427B-963B-387C6292941F}.Debug|Any CPU.Build.0 = Debug|Any CPU
		{AB1F62CC-F7E1-427B-963B-387C6292941F}.Release|Any CPU.ActiveCfg = Release|Any CPU
		{AB1F62CC-F7E1-427B-963B-387C6292941F}.Release|Any CPU.Build.0 = Release|Any CPU
	EndGlobalSection
	GlobalSection(SolutionProperties) = preSolution
		HideSolutionNode = FALSE
	EndGlobalSection
	GlobalSection(ExtensibilityGlobals) = postSolution
		SolutionGuid = {0CAB85B7-9B0A-47EA-9146-7111E7AA201E}
	EndGlobalSection
EndGlobal
